{
    "_meta": {
        "hash": {
            "sha256": "022c3838aaf97cb6c4e7e46b39634c8059dc8b30b50d90ac3efcf2a2e52f0994"
        },
        "pipfile-spec": 6,
        "requires": {},
        "sources": [
            {
                "name": "pypi",
                "url": "https://pypi.python.org/simple",
                "verify_ssl": true
            }
        ]
    },
    "default": {
        "appdirs": {
            "hashes": [
                "sha256:7d5d0167b2b1ba821647616af46a749d1c653740dd0d2415100fe26e27afdf41",
                "sha256:a841dacd6b99318a741b166adb07e19ee71a274450e68237b4650ca1055ab128"
            ],
            "version": "==1.4.4"
        },
        "attrs": {
            "hashes": [
                "sha256:2d27e3784d7a565d36ab851fe94887c5eccd6a463168875832a1be79c82828b4",
                "sha256:626ba8234211db98e869df76230a137c4c40a12d72445c45d5f5b716f076e2fd"
            ],
            "markers": "python_version >= '2.7' and python_version not in '3.0, 3.1, 3.2, 3.3, 3.4'",
            "version": "==21.4.0"
        },
        "beautifulsoup4": {
            "hashes": [
                "sha256:58d5c3d29f5a36ffeb94f02f0d786cd53014cf9b3b3951d42e0080d8a9498d30",
                "sha256:ad9aa55b65ef2808eb405f46cf74df7fcb7044d5cbc26487f96eb2ef2e436693"
            ],
            "markers": "python_version >= '3.6'",
            "version": "==4.11.1"
        },
        "black": {
            "hashes": [
                "sha256:1b30e59be925fafc1ee4565e5e08abef6b03fe455102883820fe5ee2e4734e0b",
                "sha256:c2edb73a08e9e0e6f65a0e6af18b059b8b1cdd5bef997d7a0b181df93dc81539"
            ],
            "index": "pypi",
            "version": "==19.10b0"
        },
        "bs4": {
            "hashes": [
                "sha256:36ecea1fd7cc5c0c6e4a1ff075df26d50da647b75376626cc186e2212886dd3a"
            ],
            "index": "pypi",
            "version": "==0.0.1"
        },
        "certifi": {
            "hashes": [
                "sha256:84c85a9078b11105f04f3036a9482ae10e4621616db313fe045dd24743a0820d",
                "sha256:fe86415d55e84719d75f8b69414f6438ac3547d2078ab91b67e779ef69378412"
            ],
            "markers": "python_version >= '3.6'",
            "version": "==2022.6.15"
        },
        "chardet": {
            "hashes": [
                "sha256:84ab92ed1c4d4f16916e05906b6b75a6c0fb5db821cc65e70cbd64a3e2a5eaae",
                "sha256:fc323ffcaeaed0e0a02bf4d117757b98aed530d9ed4531e3e15460124c106691"
            ],
            "version": "==3.0.4"
        },
        "charset-normalizer": {
            "hashes": [
                "sha256:2857e29ff0d34db842cd7ca3230549d1a697f96ee6d3fb071cfa6c7393832597",
                "sha256:6881edbebdb17b39b4eaaa821b438bf6eddffb4468cf344f09f89def34a8b1df"
            ],
            "markers": "python_full_version >= '3.5.0'",
            "version": "==2.0.12"
        },
        "click": {
            "hashes": [
                "sha256:7682dc8afb30297001674575ea00d1814d808d6a36af415a82bd481d37ba7b8e",
                "sha256:bb4d8133cb15a609f44e8213d9b391b0809795062913b383c62be0ee95b1db48"
            ],
            "markers": "python_version >= '3.7'",
            "version": "==8.1.3"
        },
        "googletrans": {
            "hashes": [
                "sha256:d20373a7975791318a7e5d6c6e3205012d7a990b8fabbfc6b0c16017a6dfae04"
            ],
            "index": "pypi",
            "version": "==3.1.0a0"
        },
        "h11": {
            "hashes": [
                "sha256:33d4bca7be0fa039f4e84d50ab00531047e53d6ee8ffbc83501ea602c169cae1",
                "sha256:4bc6d6a1238b7615b266ada57e0618568066f57dd6fa967d1290ec9309b2f2f1"
            ],
            "version": "==0.9.0"
        },
        "h2": {
            "hashes": [
                "sha256:61e0f6601fa709f35cdb730863b4e5ec7ad449792add80d1410d4174ed139af5",
                "sha256:875f41ebd6f2c44781259005b157faed1a5031df3ae5aa7bcb4628a6c0782f14"
            ],
            "version": "==3.2.0"
        },
        "hpack": {
            "hashes": [
                "sha256:0edd79eda27a53ba5be2dfabf3b15780928a0dff6eb0c60a3d6767720e970c89",
                "sha256:8eec9c1f4bfae3408a3f30500261f7e6a65912dc138526ea054f9ad98892e9d2"
            ],
            "version": "==3.0.0"
        },
        "hstspreload": {
            "hashes": [
                "sha256:d9cd749fbb6ff6ca1a8945c4a48cb6f33d2f6d066cb5f9752a8b64a134ed5260",
                "sha256:e8f03aac620d1947d66e311b706b46cc24a36792b346db7b483f148360843921"
            ],
            "markers": "python_version >= '3.6'",
            "version": "==2021.12.1"
        },
        "httpcore": {
            "hashes": [
                "sha256:9850fe97a166a794d7e920590d5ec49a05488884c9fc8b5dba8561effab0c2a0",
                "sha256:ecc5949310d9dae4de64648a4ce529f86df1f232ce23dcfefe737c24d21dfbe9"
            ],
            "markers": "python_version >= '3.6'",
            "version": "==0.9.1"
        },
        "httpx": {
            "hashes": [
                "sha256:32d930858eab677bc29a742aaa4f096de259f1c78c68a90ad11f5c3c04f08335",
                "sha256:3642bd13e90b80ba8a243a730275eb10a4c26ec96f5fc16b87e458d4ab21efae"
            ],
            "markers": "python_version >= '3.6'",
            "version": "==0.13.3"
        },
        "hyperframe": {
            "hashes": [
                "sha256:5187962cb16dcc078f23cb5a4b110098d546c3f41ff2d4038a9896893bbd0b40",
                "sha256:a9f5c17f2cc3c719b917c4f33ed1c61bd1f8dfac4b1bd23b7c80b3400971b41f"
            ],
            "version": "==5.2.0"
        },
        "idna": {
            "hashes": [
                "sha256:b307872f855b18632ce0c21c5e45be78c0ea7ae4c15c828c20788b26921eb3f6",
                "sha256:b97d804b1e9b523befed77c48dacec60e6dcb0b5391d57af6a65a312a90648c0"
            ],
            "markers": "python_version >= '2.7' and python_version not in '3.0, 3.1, 3.2, 3.3'",
            "version": "==2.10"
        },
        "pathspec": {
            "hashes": [
                "sha256:7d15c4ddb0b5c802d161efc417ec1a2558ea2653c2e8ad9c19098201dc1c993a",
                "sha256:e564499435a2673d586f6b2130bb5b95f04a3ba06f81b8f895b651a3c76aabb1"
            ],
            "version": "==0.9.0"
        },
        "pillow": {
            "hashes": [
                "sha256:088df396b047477dd1bbc7de6e22f58400dae2f21310d9e2ec2933b2ef7dfa4f",
                "sha256:09e67ef6e430f90caa093528bd758b0616f8165e57ed8d8ce014ae32df6a831d",
                "sha256:0b4d5ad2cd3a1f0d1df882d926b37dbb2ab6c823ae21d041b46910c8f8cd844b",
                "sha256:0b525a356680022b0af53385944026d3486fc8c013638cf9900eb87c866afb4c",
                "sha256:1d4331aeb12f6b3791911a6da82de72257a99ad99726ed6b63f481c0184b6fb9",
                "sha256:20d514c989fa28e73a5adbddd7a171afa5824710d0ab06d4e1234195d2a2e546",
                "sha256:2b291cab8a888658d72b575a03e340509b6b050b62db1f5539dd5cd18fd50578",
                "sha256:3f6c1716c473ebd1649663bf3b42702d0d53e27af8b64642be0dd3598c761fb1",
                "sha256:42dfefbef90eb67c10c45a73a9bc1599d4dac920f7dfcbf4ec6b80cb620757fe",
                "sha256:488f3383cf5159907d48d32957ac6f9ea85ccdcc296c14eca1a4e396ecc32098",
                "sha256:4d45dbe4b21a9679c3e8b3f7f4f42a45a7d3ddff8a4a16109dff0e1da30a35b2",
                "sha256:53c27bd452e0f1bc4bfed07ceb235663a1df7c74df08e37fd6b03eb89454946a",
                "sha256:55e74faf8359ddda43fee01bffbc5bd99d96ea508d8a08c527099e84eb708f45",
                "sha256:59789a7d06c742e9d13b883d5e3569188c16acb02eeed2510fd3bfdbc1bd1530",
                "sha256:5b650dbbc0969a4e226d98a0b440c2f07a850896aed9266b6fedc0f7e7834108",
                "sha256:66daa16952d5bf0c9d5389c5e9df562922a59bd16d77e2a276e575d32e38afd1",
                "sha256:6e760cf01259a1c0a50f3c845f9cad1af30577fd8b670339b1659c6d0e7a41dd",
                "sha256:7502539939b53d7565f3d11d87c78e7ec900d3c72945d4ee0e2f250d598309a0",
                "sha256:769a7f131a2f43752455cc72f9f7a093c3ff3856bf976c5fb53a59d0ccc704f6",
                "sha256:7c150dbbb4a94ea4825d1e5f2c5501af7141ea95825fadd7829f9b11c97aaf6c",
                "sha256:8844217cdf66eabe39567118f229e275f0727e9195635a15e0e4b9227458daaf",
                "sha256:8a66fe50386162df2da701b3722781cbe90ce043e7d53c1fd6bd801bca6b48d4",
                "sha256:9370d6744d379f2de5d7fa95cdbd3a4d92f0b0ef29609b4b1687f16bc197063d",
                "sha256:937a54e5694684f74dcbf6e24cc453bfc5b33940216ddd8f4cd8f0f79167f765",
                "sha256:9c857532c719fb30fafabd2371ce9b7031812ff3889d75273827633bca0c4602",
                "sha256:a4165205a13b16a29e1ac57efeee6be2dfd5b5408122d59ef2145bc3239fa340",
                "sha256:b3fe2ff1e1715d4475d7e2c3e8dabd7c025f4410f79513b4ff2de3d51ce0fa9c",
                "sha256:b6617221ff08fbd3b7a811950b5c3f9367f6e941b86259843eab77c8e3d2b56b",
                "sha256:b761727ed7d593e49671d1827044b942dd2f4caae6e51bab144d4accf8244a84",
                "sha256:baf3be0b9446a4083cc0c5bb9f9c964034be5374b5bc09757be89f5d2fa247b8",
                "sha256:c17770a62a71718a74b7548098a74cd6880be16bcfff5f937f900ead90ca8e92",
                "sha256:c67db410508b9de9c4694c57ed754b65a460e4812126e87f5052ecf23a011a54",
                "sha256:d78ca526a559fb84faaaf84da2dd4addef5edb109db8b81677c0bb1aad342601",
                "sha256:e9ed59d1b6ee837f4515b9584f3d26cf0388b742a11ecdae0d9237a94505d03a",
                "sha256:f054b020c4d7e9786ae0404278ea318768eb123403b18453e28e47cdb7a0a4bf",
                "sha256:f372d0f08eff1475ef426344efe42493f71f377ec52237bf153c5713de987251",
                "sha256:f3f6a6034140e9e17e9abc175fc7a266a6e63652028e157750bd98e804a8ed9a",
                "sha256:ffde4c6fabb52891d81606411cbfaf77756e3b561b566efd270b3ed3791fde4e"
            ],
            "version": "==9.1.1"
        },
        "plotext": {
            "extras": [
                "image"
            ],
            "hashes": [
                "sha256:04facb1dd01693f95a08d6aed845c250728b04c6ef08b805546164a57fa16386",
                "sha256:e1ece29999f241dcc2806a55331265659bcbe8cbd896743067b941f97a8348dc"
            ],
            "index": "pypi",
            "version": "==5.0.2"
        },
        "regex": {
            "hashes": [
                "sha256:042d122f9fee3ceb6d7e3067d56557df697d1aad4ff5f64ecce4dc13a90a7c01",
                "sha256:047b2d1323a51190c01b6604f49fe09682a5c85d3c1b2c8b67c1cd68419ce3c4",
                "sha256:0afa6a601acf3c0dc6de4e8d7d8bbce4e82f8542df746226cd35d4a6c15e9456",
                "sha256:166ae7674d0a0e0f8044e7335ba86d0716c9d49465cff1b153f908e0470b8300",
                "sha256:17443f99b8f255273731f915fdbfea4d78d809bb9c3aaf67b889039825d06515",
                "sha256:17764683ea01c2b8f103d99ae9de2473a74340df13ce306c49a721f0b1f0eb9e",
                "sha256:179410c79fa86ef318d58ace233f95b87b05a1db6dc493fa29404a43f4b215e2",
                "sha256:186c5a4a4c40621f64d771038ede20fca6c61a9faa8178f9e305aaa0c2442a97",
                "sha256:1a6f2698cfa8340dfe4c0597782776b393ba2274fe4c079900c7c74f68752705",
                "sha256:1ab5cf7d09515548044e69d3a0ec77c63d7b9dfff4afc19653f638b992573126",
                "sha256:1c1264eb40a71cf2bff43d6694ab7254438ca19ef330175060262b3c8dd3931a",
                "sha256:1fc26bb3415e7aa7495c000a2c13bf08ce037775db98c1a3fac9ff04478b6930",
                "sha256:24908aefed23dd065b4a668c0b4ca04d56b7f09d8c8e89636cf6c24e64e67a1e",
                "sha256:249437f7f5b233792234aeeecb14b0aab1566280de42dfc97c26e6f718297d68",
                "sha256:24963f0b13cc63db336d8da2a533986419890d128c551baacd934c249d51a779",
                "sha256:26dbe90b724efef7820c3cf4a0e5be7f130149f3d2762782e4e8ac2aea284a0b",
                "sha256:27624b490b5d8880f25dac67e1e2ea93dfef5300b98c6755f585799230d6c746",
                "sha256:2ac29b834100d2c171085ceba0d4a1e7046c434ddffc1434dbc7f9d59af1e945",
                "sha256:2f4c101746a8dac0401abefa716b357c546e61ea2e3d4a564a9db9eac57ccbce",
                "sha256:30637e7fa4acfed444525b1ab9683f714be617862820578c9fd4e944d4d9ad1f",
                "sha256:3adafe6f2c6d86dbf3313866b61180530ca4dcd0c264932dc8fa1ffb10871d58",
                "sha256:3b9b6289e03dbe6a6096880d8ac166cb23c38b4896ad235edee789d4e8697152",
                "sha256:3de1ecf26ce85521bf73897828b6d0687cc6cf271fb6ff32ac63d26b21f5e764",
                "sha256:48dddddce0ea7e7c3e92c1e0c5a28c13ca4dc9cf7e996c706d00479652bff76c",
                "sha256:495a4165172848503303ed05c9d0409428f789acc27050fe2cf0a4549188a7d5",
                "sha256:4a11cbe8eb5fb332ae474895b5ead99392a4ea568bd2a258ab8df883e9c2bf92",
                "sha256:4a5449adef907919d4ce7a1eab2e27d0211d1b255bf0b8f5dd330ad8707e0fc3",
                "sha256:4b8838f70be3ce9e706df9d72f88a0aa7d4c1fea61488e06fdf292ccb70ad2be",
                "sha256:4d206703a96a39763b5b45cf42645776f5553768ea7f3c2c1a39a4f59cafd4ba",
                "sha256:4d42e3b7b23473729adbf76103e7df75f9167a5a80b1257ca30688352b4bb2dc",
                "sha256:52684da32d9003367dc1a1c07e059b9bbaf135ad0764cd47d8ac3dba2df109bc",
                "sha256:53d69d77e9cfe468b000314dd656be85bb9e96de088a64f75fe128dfe1bf30dd",
                "sha256:555f7596fd1f123f8c3a67974c01d6ef80b9769e04d660d6c1a7cc3e6cff7069",
                "sha256:5aba3d13c77173e9bfed2c2cea7fc319f11c89a36fcec08755e8fb169cf3b0df",
                "sha256:5c8d61883a38b1289fba9944a19a361875b5c0170b83cdcc95ea180247c1b7d3",
                "sha256:5e201b1232d81ca1a7a22ab2f08e1eccad4e111579fd7f3bbf60b21ef4a16cea",
                "sha256:663dca677bd3d2e2b5b7d0329e9f24247e6f38f3b740dd9a778a8ef41a76af41",
                "sha256:67ae3601edf86e15ebe40885e5bfdd6002d34879070be15cf18fc0d80ea24fed",
                "sha256:68e5c641645351eb9eb12c465876e76b53717f99e9b92aea7a2dd645a87aa7aa",
                "sha256:71988a76fcb68cc091e901fddbcac0f9ad9a475da222c47d3cf8db0876cb5344",
                "sha256:775694cd0bb2c4accf2f1cdd007381b33ec8b59842736fe61bdbad45f2ac7427",
                "sha256:7f648037c503985aed39f85088acab6f1eb6a0482d7c6c665a5712c9ad9eaefc",
                "sha256:809bbbbbcf8258049b031d80932ba71627d2274029386f0452e9950bcfa2c6e8",
                "sha256:8fd5f8ae42f789538bb634bdfd69b9aa357e76fdfd7ad720f32f8994c0d84f1e",
                "sha256:933e72fbe1829cbd59da2bc51ccd73d73162f087f88521a87a8ec9cb0cf10fa8",
                "sha256:9c1f62ee2ba880e221bc950651a1a4b0176083d70a066c83a50ef0cb9b178e12",
                "sha256:9faa01818dad9111dbf2af26c6e3c45140ccbd1192c3a0981f196255bf7ec5e6",
                "sha256:a58d21dd1a2d6b50ed091554ff85e448fce3fe33a4db8b55d0eba2ca957ed626",
                "sha256:a8a08ace913c4101f0dc0be605c108a3761842efd5f41a3005565ee5d169fb2b",
                "sha256:b2932e728bee0a634fe55ee54d598054a5a9ffe4cd2be21ba2b4b8e5f8064c2c",
                "sha256:b5f759a1726b995dc896e86f17f9c0582b54eb4ead00ed5ef0b5b22260eaf2d0",
                "sha256:bc635ab319c9b515236bdf327530acda99be995f9d3b9f148ab1f60b2431e970",
                "sha256:be456b4313a86be41706319c397c09d9fdd2e5cdfde208292a277b867e99e3d1",
                "sha256:be57f9c7b0b423c66c266a26ad143b2c5514997c05dd32ce7ca95c8b209c2288",
                "sha256:c1ea28f0ee6cbe4c0367c939b015d915aa9875f6e061ba1cf0796ca9a3010570",
                "sha256:c3db393b21b53d7e1d3f881b64c29d886cbfdd3df007e31de68b329edbab7d02",
                "sha256:c400dfed4137f32127ea4063447006d7153c974c680bf0fb1b724cce9f8567fc",
                "sha256:c5429202bef174a3760690d912e3a80060b323199a61cef6c6c29b30ce09fd17",
                "sha256:c5eac5d8a8ac9ccf00805d02a968a36f5c967db6c7d2b747ab9ed782b3b3a28b",
                "sha256:c757f3a27b6345de13ef3ca956aa805d7734ce68023e84d0fc74e1f09ce66f7a",
                "sha256:ceff75127f828dfe7ceb17b94113ec2df4df274c4cd5533bb299cb099a18a8ca",
                "sha256:cff5c87e941292c97d11dc81bd20679f56a2830f0f0e32f75b8ed6e0eb40f704",
                "sha256:d70596f20a03cb5f935d6e4aad9170a490d88fc4633679bf00c652e9def4619e",
                "sha256:e7b2ff451f6c305b516281ec45425dd423223c8063218c5310d6f72a0a7a517c",
                "sha256:e85b10280cf1e334a7c95629f6cbbfe30b815a4ea5f1e28d31f79eb92c2c3d93",
                "sha256:ecd2b5d983eb0adf2049d41f95205bdc3de4e6cc2350e9c80d4409d3a75229de",
                "sha256:ed657a07d8a47ef447224ea00478f1c7095065dfe70a89e7280e5f50a5725131",
                "sha256:f43522fb5d676c99282ca4e2d41e8e2388427c0cf703db6b4a66e49b10b699a8",
                "sha256:f57823f35b18d82b201c1b27ce4e55f88e79e81d9ca07b50ce625d33823e1439",
                "sha256:f7b43acb2c46fb2cd506965b2d9cf4c5e64c9c612bac26c1187933c7296bf08c",
                "sha256:fa7c7044aabdad2329974be2246babcc21d3ede852b3971a90fd8c2056c20360",
                "sha256:fcd7c432202bcb8b642c3f43d5bcafc5930d82fe5b2bf2c008162df258445c1d",
                "sha256:fdecb225d0f1d50d4b26ac423e0032e76d46a788b83b4e299a520717a47d968c",
                "sha256:ffef4b30785dc2d1604dfb7cf9fca5dc27cd86d65f7c2a9ec34d6d3ae4565ec2"
            ],
            "markers": "python_version >= '3.6'",
            "version": "==2022.6.2"
        },
        "requests": {
            "hashes": [
                "sha256:bc7861137fbce630f17b03d3ad02ad0bf978c844f3536d0edda6499dafce2b6f",
                "sha256:d568723a7ebd25875d8d1eaf5dfa068cd2fc8194b2e483d7b1f7c81918dbec6b"
            ],
            "index": "pypi",
            "version": "==2.28.0"
        },
        "rfc3986": {
            "hashes": [
                "sha256:270aaf10d87d0d4e095063c65bf3ddbc6ee3d0b226328ce21e036f946e421835",
                "sha256:a86d6e1f5b1dc238b218b012df0aa79409667bb209e58da56d0b94704e712a97"
            ],
            "version": "==1.5.0"
        },
        "sniffio": {
            "hashes": [
                "sha256:471b71698eac1c2112a40ce2752bb2f4a4814c22a54a3eed3676bc0f5ca9f663",
                "sha256:c4666eecec1d3f50960c6bdf61ab7bc350648da6c126e3cf6898d8cd4ddcd3de"
            ],
            "markers": "python_full_version >= '3.5.0'",
            "version": "==1.2.0"
        },
        "soupsieve": {
            "hashes": [
                "sha256:3b2503d3c7084a42b1ebd08116e5f81aadfaea95863628c80a3b774a11b7c759",
                "sha256:fc53893b3da2c33de295667a0e19f078c14bf86544af307354de5fcf12a3f30d"
            ],
            "markers": "python_version >= '3.6'",
            "version": "==2.3.2.post1"
        },
        "toml": {
            "hashes": [
                "sha256:806143ae5bfb6a3c6e736a764057db0e6a0e05e338b5630894a5f779cabb4f9b",
                "sha256:b3bda1d108d5dd99f4a20d24d9c348e91c4db7ab1b749200bded2f839ccbe68f"
            ],
            "markers": "python_version >= '2.6' and python_version not in '3.0, 3.1, 3.2, 3.3'",
            "version": "==0.10.2"
        },
        "typed-ast": {
            "hashes": [
                "sha256:0261195c2062caf107831e92a76764c81227dae162c4f75192c0d489faf751a2",
                "sha256:0fdbcf2fef0ca421a3f5912555804296f0b0960f0418c440f5d6d3abb549f3e1",
                "sha256:183afdf0ec5b1b211724dfef3d2cad2d767cbefac291f24d69b00546c1837fb6",
                "sha256:211260621ab1cd7324e0798d6be953d00b74e0428382991adfddb352252f1d62",
                "sha256:267e3f78697a6c00c689c03db4876dd1efdfea2f251a5ad6555e82a26847b4ac",
                "sha256:2efae9db7a8c05ad5547d522e7dbe62c83d838d3906a3716d1478b6c1d61388d",
                "sha256:370788a63915e82fd6f212865a596a0fefcbb7d408bbbb13dea723d971ed8bdc",
                "sha256:39e21ceb7388e4bb37f4c679d72707ed46c2fbf2a5609b8b8ebc4b067d977df2",
                "sha256:3e123d878ba170397916557d31c8f589951e353cc95fb7f24f6bb69adc1a8a97",
                "sha256:4879da6c9b73443f97e731b617184a596ac1235fe91f98d279a7af36c796da35",
                "sha256:4e964b4ff86550a7a7d56345c7864b18f403f5bd7380edf44a3c1fb4ee7ac6c6",
                "sha256:639c5f0b21776605dd6c9dbe592d5228f021404dafd377e2b7ac046b0349b1a1",
                "sha256:669dd0c4167f6f2cd9f57041e03c3c2ebf9063d0757dc89f79ba1daa2bfca9d4",
                "sha256:6778e1b2f81dfc7bc58e4b259363b83d2e509a65198e85d5700dfae4c6c8ff1c",
                "sha256:683407d92dc953c8a7347119596f0b0e6c55eb98ebebd9b23437501b28dcbb8e",
                "sha256:79b1e0869db7c830ba6a981d58711c88b6677506e648496b1f64ac7d15633aec",
                "sha256:7d5d014b7daa8b0bf2eaef684295acae12b036d79f54178b92a2b6a56f92278f",
                "sha256:98f80dee3c03455e92796b58b98ff6ca0b2a6f652120c263efdba4d6c5e58f72",
                "sha256:a94d55d142c9265f4ea46fab70977a1944ecae359ae867397757d836ea5a3f47",
                "sha256:a9916d2bb8865f973824fb47436fa45e1ebf2efd920f2b9f99342cb7fab93f72",
                "sha256:c542eeda69212fa10a7ada75e668876fdec5f856cd3d06829e6aa64ad17c8dfe",
                "sha256:cf4afcfac006ece570e32d6fa90ab74a17245b83dfd6655a6f68568098345ff6",
                "sha256:ebd9d7f80ccf7a82ac5f88c521115cc55d84e35bf8b446fcd7836eb6b98929a3",
                "sha256:ed855bbe3eb3715fca349c80174cfcfd699c2f9de574d40527b8429acae23a66"
            ],
            "markers": "python_version >= '3.6'",
            "version": "==1.5.4"
        },
        "typer": {
            "hashes": [
                "sha256:5646aef0d936b2c761a10393f0384ee6b5c7fe0bb3e5cd710b17134ca1d99cff",
                "sha256:e8467f0ebac0c81366c2168d6ad9f888efdfb6d4e1d3d5b4a004f46fa444b5c3"
            ],
            "index": "pypi",
            "version": "==0.4.1"
        },
        "urllib3": {
            "hashes": [
                "sha256:44ece4d53fb1706f667c9bd1c648f5469a2ec925fcf3a776667042d645472c14",
                "sha256:aabaf16477806a5e1dd19aa41f8c2b7950dd3c746362d7e3223dbe6de6ac448e"
            ],
            "markers": "python_version >= '2.7' and python_version not in '3.0, 3.1, 3.2, 3.3, 3.4' and python_version < '4'",
            "version": "==1.26.9"
        },
        "wiktionaryparser": {
            "hashes": [
                "sha256:0310388ad68586d68d573b220a2593a16b4702d2861502ce63299ff203bdbca1",
                "sha256:81a96aee048d41f1a9ec9c9dd2b8c436fe2c4b02b70f30f63cf07495712f8ae3"
            ],
            "index": "pypi",
            "version": "==0.0.97"
        }
    },
    "develop": {
        "attrs": {
            "hashes": [
                "sha256:2d27e3784d7a565d36ab851fe94887c5eccd6a463168875832a1be79c82828b4",
                "sha256:626ba8234211db98e869df76230a137c4c40a12d72445c45d5f5b716f076e2fd"
            ],
            "markers": "python_version >= '2.7' and python_version not in '3.0, 3.1, 3.2, 3.3, 3.4'",
            "version": "==21.4.0"
        },
        "iniconfig": {
            "hashes": [
                "sha256:011e24c64b7f47f6ebd835bb12a743f2fbe9a26d4cecaa7f53bc4f35ee9da8b3",
                "sha256:bc3af051d7d14b2ee5ef9969666def0cd1a000e121eaea580d4a313df4b37f32"
            ],
            "version": "==1.1.1"
        },
        "packaging": {
            "hashes": [
                "sha256:dd47c42927d89ab911e606518907cc2d3a1f38bbd026385970643f9c5b8ecfeb",
                "sha256:ef103e05f519cdc783ae24ea4e2e0f508a9c99b2d4969652eed6a2e1ea5bd522"
            ],
            "markers": "python_version >= '3.6'",
            "version": "==21.3"
        },
        "pluggy": {
            "hashes": [
                "sha256:4224373bacce55f955a878bf9cfa763c1e360858e330072059e10bad68531159",
                "sha256:74134bbf457f031a36d68416e1509f34bd5ccc019f0bcc952c7b909d06b37bd3"
            ],
            "markers": "python_version >= '3.6'",
            "version": "==1.0.0"
        },
        "py": {
            "hashes": [
                "sha256:51c75c4126074b472f746a24399ad32f6053d1b34b68d2fa41e558e6f4a98719",
                "sha256:607c53218732647dff4acdfcd50cb62615cedf612e72d1724fb1a0cc6405b378"
            ],
            "markers": "python_version >= '2.7' and python_version not in '3.0, 3.1, 3.2, 3.3, 3.4'",
            "version": "==1.11.0"
        },
        "pyparsing": {
            "hashes": [
                "sha256:2b020ecf7d21b687f219b71ecad3631f644a47f01403fa1d1036b0c6416d70fb",
                "sha256:5026bae9a10eeaefb61dab2f09052b9f4307d44aee4eda64b309723d8d206bbc"
            ],
            "markers": "python_full_version >= '3.6.8'",
            "version": "==3.0.9"
        },
        "pytest": {
            "hashes": [
                "sha256:13d0e3ccfc2b6e26be000cb6568c832ba67ba32e719443bfe725814d3c42433c",
                "sha256:a06a0425453864a270bc45e71f783330a7428defb4230fb5e6a731fde06ecd45"
            ],
            "index": "pypi",
            "version": "==7.1.2"
        },
        "tomli": {
            "hashes": [
                "sha256:939de3e7a6161af0c887ef91b7d41a53e7c5a1ca976325f429cb46ea9bc30ecc",
                "sha256:de526c12914f0c550d15924c62d72abc48d6fe7364aa87328337a31007fe8a4f"
            ],
            "markers": "python_version >= '3.7'",
            "version": "==2.0.1"
        }
    }
}
